
Microsoft Visual Studio Solution File, Format Version 12.00
# Visual Studio Version 17
VisualStudioVersion = 17.12.35527.113 d17.12
MinimumVisualStudioVersion = 10.0.40219.1
Project("{FAE04EC0-301F-11D3-BF4B-00C04F79EFBC}") = "Exercice1", "Exercice1\Exercice1.csproj", "{0123DA72-635B-43B1-9D23-07BF50034771}"
EndProject
Project("{FAE04EC0-301F-11D3-BF4B-00C04F79EFBC}") = "Exercice1.Tests", "Exercice1.Tests\Exercice1.Tests.csproj", "{1D84013B-4937-42E1-B50D-78C0204A3F8A}"
EndProject
Global
	GlobalSection(SolutionConfigurationPlatforms) = preSolution
		Debug|Any CPU = Debug|Any CPU
		Release|Any CPU = Release|Any CPU
	EndGlobalSection
	GlobalSection(ProjectConfigurationPlatforms) = postSolution
		{0123DA72-635B-43B1-9D23-07BF50034771}.Debug|Any CPU.ActiveCfg = Debug|Any CPU
		{0123DA72-635B-43B1-9D23-07BF50034771}.Debug|Any CPU.Build.0 = Debug|Any CPU
		{0123DA72-635B-43B1-9D23-07BF50034771}.Release|Any CPU.ActiveCfg = Release|Any CPU
		{0123DA72-635B-43B1-9D23-07BF50034771}.Release|Any CPU.Build.0 = Release|Any CPU
		{1D84013B-4937-42E1-B50D-78C0204A3F8A}.Debug|Any CPU.ActiveCfg = Debug|Any CPU
		{1D84013B-4937-42E1-B50D-78C0204A3F8A}.Debug|Any CPU.Build.0 = Debug|Any CPU
		{1D84013B-4937-42E1-B50D-78C0204A3F8A}.Release|Any CPU.ActiveCfg = Release|Any CPU
		{1D84013B-4937-42E1-B50D-78C0204A3F8A}.Release|Any CPU.Build.0 = Release|Any CPU
	EndGlobalSection
	GlobalSection(SolutionProperties) = preSolution
		HideSolutionNode = FALSE
	EndGlobalSection
EndGlobal
